
Microsoft Visual Studio Solution File, Format Version 12.00
# Visual Studio Version 16
VisualStudioVersion = 16.0.31515.178
MinimumVisualStudioVersion = 10.0.40219.1
Project("{FAE04EC0-301F-11D3-BF4B-00C04F79EFBC}") = "PartNumberChangeDetector", "PartNumberChangeDetector\PartNumberChangeDetector.csproj", "{566A0E5C-2560-405E-A873-8FC5B556EFA4}"
EndProject
Project("{2150E333-8FDC-42A3-9474-1A3956D46DE8}") = "Solution Items", "Solution Items", "{7FC3CE34-DF1E-4B22-99E9-57327FD7CB84}"
	ProjectSection(SolutionItems) = preProject
		.editorconfig = .editorconfig
	EndProjectSection
EndProject
Global
	GlobalSection(SolutionConfigurationPlatforms) = preSolution
		Debug|Any CPU = Debug|Any CPU
		Release|Any CPU = Release|Any CPU
	EndGlobalSection
	GlobalSection(ProjectConfigurationPlatforms) = postSolution
		{566A0E5C-2560-405E-A873-8FC5B556EFA4}.Debug|Any CPU.ActiveCfg = Debug|Any CPU
		{566A0E5C-2560-405E-A873-8FC5B556EFA4}.Debug|Any CPU.Build.0 = Debug|Any CPU
		{566A0E5C-2560-405E-A873-8FC5B556EFA4}.Release|Any CPU.ActiveCfg = Release|Any CPU
		{566A0E5C-2560-405E-A873-8FC5B556EFA4}.Release|Any CPU.Build.0 = Release|Any CPU
	EndGlobalSection
	GlobalSection(SolutionProperties) = preSolution
		HideSolutionNode = FALSE
	EndGlobalSection
	GlobalSection(ExtensibilityGlobals) = postSolution
		SolutionGuid = {B8D81796-365C-405F-940E-7406242731E9}
	EndGlobalSection
EndGlobal
